
Microsoft Visual Studio Solution File, Format Version 10.00
# Visual Studio 2008
Project("{FAE04EC0-301F-11D3-BF4B-00C04F79EFBC}") = "Ponoko.Api", "src\Ponoko.Api\Ponoko.Api.csproj", "{FACBA19D-639D-4155-8FB3-95D1B4477C53}"
EndProject
Project("{FAE04EC0-301F-11D3-BF4B-00C04F79EFBC}") = "Ponoko.Api.Acceptance.Tests", "src\Ponoko.Api.Acceptance.Tests\Ponoko.Api.Acceptance.Tests.csproj", "{B8954D9A-1E76-4451-B8BA-B0D4FFB0E2C7}"
EndProject
Project("{FAE04EC0-301F-11D3-BF4B-00C04F79EFBC}") = "Ponoko.Api.Unit.Tests", "src\Ponoko.Api.Unit.Tests\Ponoko.Api.Unit.Tests.csproj", "{BDFD483B-1950-43AB-A00F-77F0220EA498}"
EndProject
Project("{FAE04EC0-301F-11D3-BF4B-00C04F79EFBC}") = "Ponoko.Api.Integration.Tests", "src\Ponoko.Api.Integration.Tests\Ponoko.Api.Integration.Tests.csproj", "{47A290B6-6FAE-48C8-83FF-67FF433639FE}"
EndProject
Project("{FAE04EC0-301F-11D3-BF4B-00C04F79EFBC}") = "Ponoko.Api.Rest", "src\Ponoko.Api.Rest\Ponoko.Api.Rest.csproj", "{BBFBD243-F267-421D-A304-8CD251A5EEE1}"
EndProject
Project("{FAE04EC0-301F-11D3-BF4B-00C04F79EFBC}") = "Ponoko.Api.Rest.Unit.Tests", "src\Ponoko.Api.Rest.Unit.Tests\Ponoko.Api.Rest.Unit.Tests.csproj", "{EABC985A-E80C-4B4A-B183-3EE93D52757E}"
EndProject
Global
	GlobalSection(SolutionConfigurationPlatforms) = preSolution
		Debug|Any CPU = Debug|Any CPU
		Release|Any CPU = Release|Any CPU
	EndGlobalSection
	GlobalSection(ProjectConfigurationPlatforms) = postSolution
		{FACBA19D-639D-4155-8FB3-95D1B4477C53}.Debug|Any CPU.ActiveCfg = Debug|Any CPU
		{FACBA19D-639D-4155-8FB3-95D1B4477C53}.Debug|Any CPU.Build.0 = Debug|Any CPU
		{FACBA19D-639D-4155-8FB3-95D1B4477C53}.Release|Any CPU.ActiveCfg = Release|Any CPU
		{FACBA19D-639D-4155-8FB3-95D1B4477C53}.Release|Any CPU.Build.0 = Release|Any CPU
		{B8954D9A-1E76-4451-B8BA-B0D4FFB0E2C7}.Debug|Any CPU.ActiveCfg = Debug|Any CPU
		{B8954D9A-1E76-4451-B8BA-B0D4FFB0E2C7}.Debug|Any CPU.Build.0 = Debug|Any CPU
		{B8954D9A-1E76-4451-B8BA-B0D4FFB0E2C7}.Release|Any CPU.ActiveCfg = Release|Any CPU
		{B8954D9A-1E76-4451-B8BA-B0D4FFB0E2C7}.Release|Any CPU.Build.0 = Release|Any CPU
		{BDFD483B-1950-43AB-A00F-77F0220EA498}.Debug|Any CPU.ActiveCfg = Debug|Any CPU
		{BDFD483B-1950-43AB-A00F-77F0220EA498}.Debug|Any CPU.Build.0 = Debug|Any CPU
		{BDFD483B-1950-43AB-A00F-77F0220EA498}.Release|Any CPU.ActiveCfg = Release|Any CPU
		{BDFD483B-1950-43AB-A00F-77F0220EA498}.Release|Any CPU.Build.0 = Release|Any CPU
		{47A290B6-6FAE-48C8-83FF-67FF433639FE}.Debug|Any CPU.ActiveCfg = Debug|Any CPU
		{47A290B6-6FAE-48C8-83FF-67FF433639FE}.Debug|Any CPU.Build.0 = Debug|Any CPU
		{47A290B6-6FAE-48C8-83FF-67FF433639FE}.Release|Any CPU.ActiveCfg = Release|Any CPU
		{47A290B6-6FAE-48C8-83FF-67FF433639FE}.Release|Any CPU.Build.0 = Release|Any CPU
		{BBFBD243-F267-421D-A304-8CD251A5EEE1}.Debug|Any CPU.ActiveCfg = Debug|Any CPU
		{BBFBD243-F267-421D-A304-8CD251A5EEE1}.Debug|Any CPU.Build.0 = Debug|Any CPU
		{BBFBD243-F267-421D-A304-8CD251A5EEE1}.Release|Any CPU.ActiveCfg = Release|Any CPU
		{BBFBD243-F267-421D-A304-8CD251A5EEE1}.Release|Any CPU.Build.0 = Release|Any CPU
		{EABC985A-E80C-4B4A-B183-3EE93D52757E}.Debug|Any CPU.ActiveCfg = Debug|Any CPU
		{EABC985A-E80C-4B4A-B183-3EE93D52757E}.Debug|Any CPU.Build.0 = Debug|Any CPU
		{EABC985A-E80C-4B4A-B183-3EE93D52757E}.Release|Any CPU.ActiveCfg = Release|Any CPU
		{EABC985A-E80C-4B4A-B183-3EE93D52757E}.Release|Any CPU.Build.0 = Release|Any CPU
	EndGlobalSection
	GlobalSection(SolutionProperties) = preSolution
		HideSolutionNode = FALSE
	EndGlobalSection
EndGlobal
